// !$*UTF8*$!
{
	archiveVersion = 1;
	classes = {
	};
	objectVersion = 51;
	objects = {

/* Begin PBXBuildFile section */
		3DBCAFCB577815A15C207654 /* Pods_TwitterApp.framework in Frameworks */ = {isa = PBXBuildFile; fileRef = 623F1A829B7E130FC5778995 /* Pods_TwitterApp.framework */; };
		9183D1612544BC160077586F /* BaseCell.swift in Sources */ = {isa = PBXBuildFile; fileRef = 9183D1602544BC160077586F /* BaseCell.swift */; };
		9183D1642544BCA80077586F /* ProfileUserTweets.swift in Sources */ = {isa = PBXBuildFile; fileRef = 9183D1632544BCA80077586F /* ProfileUserTweets.swift */; };
		918628062544F572008B686D /* UserProfileDelegate.swift in Sources */ = {isa = PBXBuildFile; fileRef = 918628052544F572008B686D /* UserProfileDelegate.swift */; };
		918628082544F5AE008B686D /* ProfileFilterViewDelegate.swift in Sources */ = {isa = PBXBuildFile; fileRef = 918628072544F5AE008B686D /* ProfileFilterViewDelegate.swift */; };
		9186280A2545CA77008B686D /* ProfileHeaderViewModel.swift in Sources */ = {isa = PBXBuildFile; fileRef = 918628092545CA77008B686D /* ProfileHeaderViewModel.swift */; };
		91CFC5172524D82300681A8E /* AppDelegate.swift in Sources */ = {isa = PBXBuildFile; fileRef = 91CFC5162524D82300681A8E /* AppDelegate.swift */; };
		91CFC5192524D82300681A8E /* SceneDelegate.swift in Sources */ = {isa = PBXBuildFile; fileRef = 91CFC5182524D82300681A8E /* SceneDelegate.swift */; };
		91CFC5202524D82600681A8E /* Assets.xcassets in Resources */ = {isa = PBXBuildFile; fileRef = 91CFC51F2524D82600681A8E /* Assets.xcassets */; };
		91CFC5232524D82600681A8E /* LaunchScreen.storyboard in Resources */ = {isa = PBXBuildFile; fileRef = 91CFC5212524D82600681A8E /* LaunchScreen.storyboard */; };
		91CFC52D2524D8D800681A8E /* GoogleService-Info.plist in Resources */ = {isa = PBXBuildFile; fileRef = 91CFC52C2524D8D800681A8E /* GoogleService-Info.plist */; };
		91CFC5362524DA1100681A8E /* Tweet.swift in Sources */ = {isa = PBXBuildFile; fileRef = 91CFC5342524DA1100681A8E /* Tweet.swift */; };
		91CFC5372524DA1100681A8E /* User.swift in Sources */ = {isa = PBXBuildFile; fileRef = 91CFC5352524DA1100681A8E /* User.swift */; };
		91CFC53C2524DA3E00681A8E /* TweetTextView.swift in Sources */ = {isa = PBXBuildFile; fileRef = 91CFC53A2524DA3E00681A8E /* TweetTextView.swift */; };
		91CFC53D2524DA3E00681A8E /* ProfileFilterView.swift in Sources */ = {isa = PBXBuildFile; fileRef = 91CFC53B2524DA3E00681A8E /* ProfileFilterView.swift */; };
		91CFC5412524DA4500681A8E /* TweetCell.swift in Sources */ = {isa = PBXBuildFile; fileRef = 91CFC53E2524DA4500681A8E /* TweetCell.swift */; };
		91CFC5422524DA4500681A8E /* UserProfileHeader.swift in Sources */ = {isa = PBXBuildFile; fileRef = 91CFC53F2524DA4500681A8E /* UserProfileHeader.swift */; };
		91CFC5432524DA4500681A8E /* ProfileFilterCell.swift in Sources */ = {isa = PBXBuildFile; fileRef = 91CFC5402524DA4500681A8E /* ProfileFilterCell.swift */; };
		91CFC5462524DA6100681A8E /* ProfileFilterOption.swift in Sources */ = {isa = PBXBuildFile; fileRef = 91CFC5442524DA6100681A8E /* ProfileFilterOption.swift */; };
		91CFC5472524DA6100681A8E /* TweetViewModel.swift in Sources */ = {isa = PBXBuildFile; fileRef = 91CFC5452524DA6100681A8E /* TweetViewModel.swift */; };
		91CFC5682524DB0400681A8E /* ProfileController.swift in Sources */ = {isa = PBXBuildFile; fileRef = 91CFC5602524DB0300681A8E /* ProfileController.swift */; };
		91CFC5692524DB0400681A8E /* CreateTweetToBeRemoved.swift in Sources */ = {isa = PBXBuildFile; fileRef = 91CFC5612524DB0300681A8E /* CreateTweetToBeRemoved.swift */; };
		91CFC56A2524DB0400681A8E /* FeedVC.swift in Sources */ = {isa = PBXBuildFile; fileRef = 91CFC5622524DB0300681A8E /* FeedVC.swift */; };
		91CFC56B2524DB0400681A8E /* NotificationVC.swift in Sources */ = {isa = PBXBuildFile; fileRef = 91CFC5632524DB0300681A8E /* NotificationVC.swift */; };
		91CFC56C2524DB0400681A8E /* MainTabBarController.swift in Sources */ = {isa = PBXBuildFile; fileRef = 91CFC5642524DB0300681A8E /* MainTabBarController.swift */; };
		91CFC56D2524DB0400681A8E /* ExploreVC.swift in Sources */ = {isa = PBXBuildFile; fileRef = 91CFC5652524DB0400681A8E /* ExploreVC.swift */; };
		91CFC56E2524DB0400681A8E /* CreateTweetVC.swift in Sources */ = {isa = PBXBuildFile; fileRef = 91CFC5662524DB0400681A8E /* CreateTweetVC.swift */; };
		91CFC56F2524DB0400681A8E /* MessagesVC.swift in Sources */ = {isa = PBXBuildFile; fileRef = 91CFC5672524DB0400681A8E /* MessagesVC.swift */; };
		91CFC5732524DB1C00681A8E /* SignupVC.swift in Sources */ = {isa = PBXBuildFile; fileRef = 91CFC5712524DB1C00681A8E /* SignupVC.swift */; };
		91CFC5742524DB1C00681A8E /* LoginVC.swift in Sources */ = {isa = PBXBuildFile; fileRef = 91CFC5722524DB1C00681A8E /* LoginVC.swift */; };
		91CFC5782524DB2C00681A8E /* UserService.swift in Sources */ = {isa = PBXBuildFile; fileRef = 91CFC5752524DB2C00681A8E /* UserService.swift */; };
		91CFC5792524DB2C00681A8E /* TweetService.swift in Sources */ = {isa = PBXBuildFile; fileRef = 91CFC5762524DB2C00681A8E /* TweetService.swift */; };
		91CFC57A2524DB2C00681A8E /* AuthService.swift in Sources */ = {isa = PBXBuildFile; fileRef = 91CFC5772524DB2C00681A8E /* AuthService.swift */; };
		91CFC57E2524DB4C00681A8E /* DatabaseReferences.swift in Sources */ = {isa = PBXBuildFile; fileRef = 91CFC57D2524DB4C00681A8E /* DatabaseReferences.swift */; };
		91CFC5802524DB5300681A8E /* Utilities.swift in Sources */ = {isa = PBXBuildFile; fileRef = 91CFC57F2524DB5200681A8E /* Utilities.swift */; };
		91CFC5842524DB5C00681A8E /* ImageExtension.swift in Sources */ = {isa = PBXBuildFile; fileRef = 91CFC5812524DB5C00681A8E /* ImageExtension.swift */; };
		91CFC5852524DB5C00681A8E /* ViewExtension.swift in Sources */ = {isa = PBXBuildFile; fileRef = 91CFC5822524DB5C00681A8E /* ViewExtension.swift */; };
		91CFC5862524DB5C00681A8E /* ColorExtension.swift in Sources */ = {isa = PBXBuildFile; fileRef = 91CFC5832524DB5C00681A8E /* ColorExtension.swift */; };
		91CFC5882524DB6200681A8E /* TweetCellDelegate.swift in Sources */ = {isa = PBXBuildFile; fileRef = 91CFC5872524DB6200681A8E /* TweetCellDelegate.swift */; };
		91E92818258A5A8E00A0DE7C /* UserSearchCell.swift in Sources */ = {isa = PBXBuildFile; fileRef = 91E92817258A5A8E00A0DE7C /* UserSearchCell.swift */; };
/* End PBXBuildFile section */

/* Begin PBXFileReference section */
		623F1A829B7E130FC5778995 /* Pods_TwitterApp.framework */ = {isa = PBXFileReference; explicitFileType = wrapper.framework; includeInIndex = 0; path = Pods_TwitterApp.framework; sourceTree = BUILT_PRODUCTS_DIR; };
		6DEDB04BE63839C36E5EE663 /* Pods-TwitterApp.debug.xcconfig */ = {isa = PBXFileReference; includeInIndex = 1; lastKnownFileType = text.xcconfig; name = "Pods-TwitterApp.debug.xcconfig"; path = "Target Support Files/Pods-TwitterApp/Pods-TwitterApp.debug.xcconfig"; sourceTree = "<group>"; };
		9183D1602544BC160077586F /* BaseCell.swift */ = {isa = PBXFileReference; lastKnownFileType = sourcecode.swift; path = BaseCell.swift; sourceTree = "<group>"; };
		9183D1632544BCA80077586F /* ProfileUserTweets.swift */ = {isa = PBXFileReference; lastKnownFileType = sourcecode.swift; path = ProfileUserTweets.swift; sourceTree = "<group>"; };
		918628052544F572008B686D /* UserProfileDelegate.swift */ = {isa = PBXFileReference; lastKnownFileType = sourcecode.swift; path = UserProfileDelegate.swift; sourceTree = "<group>"; };
		918628072544F5AE008B686D /* ProfileFilterViewDelegate.swift */ = {isa = PBXFileReference; lastKnownFileType = sourcecode.swift; path = ProfileFilterViewDelegate.swift; sourceTree = "<group>"; };
		918628092545CA77008B686D /* ProfileHeaderViewModel.swift */ = {isa = PBXFileReference; lastKnownFileType = sourcecode.swift; path = ProfileHeaderViewModel.swift; sourceTree = "<group>"; };
		91CFC5132524D82300681A8E /* TwitterApp.app */ = {isa = PBXFileReference; explicitFileType = wrapper.application; includeInIndex = 0; path = TwitterApp.app; sourceTree = BUILT_PRODUCTS_DIR; };
		91CFC5162524D82300681A8E /* AppDelegate.swift */ = {isa = PBXFileReference; lastKnownFileType = sourcecode.swift; name = AppDelegate.swift; path = ../AppDelegate.swift; sourceTree = "<group>"; };
		91CFC5182524D82300681A8E /* SceneDelegate.swift */ = {isa = PBXFileReference; lastKnownFileType = sourcecode.swift; name = SceneDelegate.swift; path = ../SceneDelegate.swift; sourceTree = "<group>"; };
		91CFC51F2524D82600681A8E /* Assets.xcassets */ = {isa = PBXFileReference; lastKnownFileType = folder.assetcatalog; path = Assets.xcassets; sourceTree = "<group>"; };
		91CFC5222524D82600681A8E /* Base */ = {isa = PBXFileReference; lastKnownFileType = file.storyboard; name = Base; path = Base.lproj/LaunchScreen.storyboard; sourceTree = "<group>"; };
		91CFC5242524D82600681A8E /* Info.plist */ = {isa = PBXFileReference; lastKnownFileType = text.plist.xml; path = Info.plist; sourceTree = "<group>"; };
		91CFC52C2524D8D800681A8E /* GoogleService-Info.plist */ = {isa = PBXFileReference; lastKnownFileType = text.plist; path = "GoogleService-Info.plist"; sourceTree = SOURCE_ROOT; };
		91CFC5342524DA1100681A8E /* Tweet.swift */ = {isa = PBXFileReference; fileEncoding = 4; lastKnownFileType = sourcecode.swift; name = Tweet.swift; path = ../../../../../Downloads/TwitterClone/Model/Tweet.swift; sourceTree = "<group>"; };
		91CFC5352524DA1100681A8E /* User.swift */ = {isa = PBXFileReference; fileEncoding = 4; lastKnownFileType = sourcecode.swift; name = User.swift; path = ../../../../../Downloads/TwitterClone/Model/User.swift; sourceTree = "<group>"; };
		91CFC53A2524DA3E00681A8E /* TweetTextView.swift */ = {isa = PBXFileReference; fileEncoding = 4; lastKnownFileType = sourcecode.swift; name = TweetTextView.swift; path = ../../../../../../Downloads/TwitterClone/View/TweetTextView.swift; sourceTree = "<group>"; };
		91CFC53B2524DA3E00681A8E /* ProfileFilterView.swift */ = {isa = PBXFileReference; fileEncoding = 4; lastKnownFileType = sourcecode.swift; name = ProfileFilterView.swift; path = ../../../../../../Downloads/TwitterClone/View/ProfileFilterView.swift; sourceTree = "<group>"; };
		91CFC53E2524DA4500681A8E /* TweetCell.swift */ = {isa = PBXFileReference; fileEncoding = 4; lastKnownFileType = sourcecode.swift; name = TweetCell.swift; path = ../../../../../../Downloads/TwitterClone/View/CustomCells/TweetCell.swift; sourceTree = "<group>"; };
		91CFC53F2524DA4500681A8E /* UserProfileHeader.swift */ = {isa = PBXFileReference; fileEncoding = 4; lastKnownFileType = sourcecode.swift; name = UserProfileHeader.swift; path = ../../../../../../Downloads/TwitterClone/View/CustomCells/UserProfileHeader.swift; sourceTree = "<group>"; };
		91CFC5402524DA4500681A8E /* ProfileFilterCell.swift */ = {isa = PBXFileReference; fileEncoding = 4; lastKnownFileType = sourcecode.swift; name = ProfileFilterCell.swift; path = ../../../../../../Downloads/TwitterClone/View/CustomCells/ProfileFilterCell.swift; sourceTree = "<group>"; };
		91CFC5442524DA6100681A8E /* ProfileFilterOption.swift */ = {isa = PBXFileReference; fileEncoding = 4; lastKnownFileType = sourcecode.swift; name = ProfileFilterOption.swift; path = ../../../../../Downloads/TwitterClone/ViewModel/ProfileFilterOption.swift; sourceTree = "<group>"; };
		91CFC5452524DA6100681A8E /* TweetViewModel.swift */ = {isa = PBXFileReference; fileEncoding = 4; lastKnownFileType = sourcecode.swift; name = TweetViewModel.swift; path = ../../../../../Downloads/TwitterClone/ViewModel/TweetViewModel.swift; sourceTree = "<group>"; };
		91CFC5602524DB0300681A8E /* ProfileController.swift */ = {isa = PBXFileReference; fileEncoding = 4; lastKnownFileType = sourcecode.swift; name = ProfileController.swift; path = ../../../../../Downloads/TwitterClone/Controller/ProfileController.swift; sourceTree = "<group>"; };
		91CFC5612524DB0300681A8E /* CreateTweetToBeRemoved.swift */ = {isa = PBXFileReference; fileEncoding = 4; lastKnownFileType = sourcecode.swift; name = CreateTweetToBeRemoved.swift; path = ../../../../../Downloads/TwitterClone/Controller/CreateTweetToBeRemoved.swift; sourceTree = "<group>"; };
		91CFC5622524DB0300681A8E /* FeedVC.swift */ = {isa = PBXFileReference; fileEncoding = 4; lastKnownFileType = sourcecode.swift; name = FeedVC.swift; path = ../../../../../Downloads/TwitterClone/Controller/FeedVC.swift; sourceTree = "<group>"; };
		91CFC5632524DB0300681A8E /* NotificationVC.swift */ = {isa = PBXFileReference; fileEncoding = 4; lastKnownFileType = sourcecode.swift; name = NotificationVC.swift; path = ../../../../../Downloads/TwitterClone/Controller/NotificationVC.swift; sourceTree = "<group>"; };
		91CFC5642524DB0300681A8E /* MainTabBarController.swift */ = {isa = PBXFileReference; fileEncoding = 4; lastKnownFileType = sourcecode.swift; name = MainTabBarController.swift; path = ../../../../../Downloads/TwitterClone/Controller/MainTabBarController.swift; sourceTree = "<group>"; };
		91CFC5652524DB0400681A8E /* ExploreVC.swift */ = {isa = PBXFileReference; fileEncoding = 4; lastKnownFileType = sourcecode.swift; name = ExploreVC.swift; path = ../../../../../Downloads/TwitterClone/Controller/ExploreVC.swift; sourceTree = "<group>"; };
		91CFC5662524DB0400681A8E /* CreateTweetVC.swift */ = {isa = PBXFileReference; fileEncoding = 4; lastKnownFileType = sourcecode.swift; name = CreateTweetVC.swift; path = ../../../../../Downloads/TwitterClone/Controller/CreateTweetVC.swift; sourceTree = "<group>"; };
		91CFC5672524DB0400681A8E /* MessagesVC.swift */ = {isa = PBXFileReference; fileEncoding = 4; lastKnownFileType = sourcecode.swift; name = MessagesVC.swift; path = ../../../../../Downloads/TwitterClone/Controller/MessagesVC.swift; sourceTree = "<group>"; };
		91CFC5712524DB1C00681A8E /* SignupVC.swift */ = {isa = PBXFileReference; fileEncoding = 4; lastKnownFileType = sourcecode.swift; name = SignupVC.swift; path = ../../../../../../Downloads/TwitterClone/Authentication/SignupVC.swift; sourceTree = "<group>"; };
		91CFC5722524DB1C00681A8E /* LoginVC.swift */ = {isa = PBXFileReference; fileEncoding = 4; lastKnownFileType = sourcecode.swift; name = LoginVC.swift; path = ../../../../../../Downloads/TwitterClone/Authentication/LoginVC.swift; sourceTree = "<group>"; };
		91CFC5752524DB2C00681A8E /* UserService.swift */ = {isa = PBXFileReference; fileEncoding = 4; lastKnownFileType = sourcecode.swift; name = UserService.swift; path = ../../../../../Downloads/TwitterClone/API/UserService.swift; sourceTree = "<group>"; };
		91CFC5762524DB2C00681A8E /* TweetService.swift */ = {isa = PBXFileReference; fileEncoding = 4; lastKnownFileType = sourcecode.swift; name = TweetService.swift; path = ../../../../../Downloads/TwitterClone/API/TweetService.swift; sourceTree = "<group>"; };
		91CFC5772524DB2C00681A8E /* AuthService.swift */ = {isa = PBXFileReference; fileEncoding = 4; lastKnownFileType = sourcecode.swift; name = AuthService.swift; path = ../../../../../Downloads/TwitterClone/API/AuthService.swift; sourceTree = "<group>"; };
		91CFC57D2524DB4C00681A8E /* DatabaseReferences.swift */ = {isa = PBXFileReference; fileEncoding = 4; lastKnownFileType = sourcecode.swift; name = DatabaseReferences.swift; path = ../../../../../Downloads/TwitterClone/Utilities/DatabaseReferences.swift; sourceTree = "<group>"; };
		91CFC57F2524DB5200681A8E /* Utilities.swift */ = {isa = PBXFileReference; fileEncoding = 4; lastKnownFileType = sourcecode.swift; name = Utilities.swift; path = ../../../../../Downloads/TwitterClone/Utilities/Utilities.swift; sourceTree = "<group>"; };
		91CFC5812524DB5C00681A8E /* ImageExtension.swift */ = {isa = PBXFileReference; fileEncoding = 4; lastKnownFileType = sourcecode.swift; name = ImageExtension.swift; path = ../../../../../../Downloads/TwitterClone/Utilities/Extensions/ImageExtension.swift; sourceTree = "<group>"; };
		91CFC5822524DB5C00681A8E /* ViewExtension.swift */ = {isa = PBXFileReference; fileEncoding = 4; lastKnownFileType = sourcecode.swift; name = ViewExtension.swift; path = ../../../../../../Downloads/TwitterClone/Utilities/Extensions/ViewExtension.swift; sourceTree = "<group>"; };
		91CFC5832524DB5C00681A8E /* ColorExtension.swift */ = {isa = PBXFileReference; fileEncoding = 4; lastKnownFileType = sourcecode.swift; name = ColorExtension.swift; path = ../../../../../../Downloads/TwitterClone/Utilities/Extensions/ColorExtension.swift; sourceTree = "<group>"; };
		91CFC5872524DB6200681A8E /* TweetCellDelegate.swift */ = {isa = PBXFileReference; fileEncoding = 4; lastKnownFileType = sourcecode.swift; name = TweetCellDelegate.swift; path = ../../../../../../Downloads/TwitterClone/Utilities/Protocols/TweetCellDelegate.swift; sourceTree = "<group>"; };
		91E92817258A5A8E00A0DE7C /* UserSearchCell.swift */ = {isa = PBXFileReference; lastKnownFileType = sourcecode.swift; path = UserSearchCell.swift; sourceTree = "<group>"; };
		E4E15D965EE77677892A8FA3 /* Pods-TwitterApp.release.xcconfig */ = {isa = PBXFileReference; includeInIndex = 1; lastKnownFileType = text.xcconfig; name = "Pods-TwitterApp.release.xcconfig"; path = "Target Support Files/Pods-TwitterApp/Pods-TwitterApp.release.xcconfig"; sourceTree = "<group>"; };
/* End PBXFileReference section */

/* Begin PBXFrameworksBuildPhase section */
		91CFC5102524D82300681A8E /* Frameworks */ = {
			isa = PBXFrameworksBuildPhase;
			buildActionMask = 2147483647;
			files = (
				3DBCAFCB577815A15C207654 /* Pods_TwitterApp.framework in Frameworks */,
			);
			runOnlyForDeploymentPostprocessing = 0;
		};
/* End PBXFrameworksBuildPhase section */

/* Begin PBXGroup section */
		9183D1622544BC480077586F /* Helpers */ = {
			isa = PBXGroup;
			children = (
				9183D1602544BC160077586F /* BaseCell.swift */,
			);
			path = Helpers;
			sourceTree = "<group>";
		};
		91CFC50A2524D82300681A8E = {
			isa = PBXGroup;
			children = (
				91CFC5152524D82300681A8E /* TwitterApp */,
				91CFC5142524D82300681A8E /* Products */,
				C20ED30349637FA7970B5E6B /* Pods */,
				CDE31CB08E8B259B5624DF4C /* Frameworks */,
			);
			sourceTree = "<group>";
		};
		91CFC5142524D82300681A8E /* Products */ = {
			isa = PBXGroup;
			children = (
				91CFC5132524D82300681A8E /* TwitterApp.app */,
			);
			name = Products;
			sourceTree = "<group>";
		};
		91CFC5152524D82300681A8E /* TwitterApp */ = {
			isa = PBXGroup;
			children = (
				91CFC5332524D9CA00681A8E /* Model */,
				91CFC5322524D9CA00681A8E /* View */,
				91CFC5312524D9C900681A8E /* ViewModel */,
				91CFC55F2524DAFA00681A8E /* Controller */,
				91CFC52F2524D9C600681A8E /* API */,
				91CFC52E2524D9C000681A8E /* Utilities */,
				91E92816258A5A2F00A0DE7C /* Supporting */,
				91CFC5212524D82600681A8E /* LaunchScreen.storyboard */,
				91CFC5242524D82600681A8E /* Info.plist */,
				91CFC52C2524D8D800681A8E /* GoogleService-Info.plist */,
			);
			path = TwitterApp;
			sourceTree = "<group>";
		};
		91CFC52E2524D9C000681A8E /* Utilities */ = {
			isa = PBXGroup;
			children = (
				91CFC57F2524DB5200681A8E /* Utilities.swift */,
				91CFC57D2524DB4C00681A8E /* DatabaseReferences.swift */,
				91CFC57C2524DB3F00681A8E /* Protocols */,
				91CFC57B2524DB2F00681A8E /* Extensions */,
			);
			path = Utilities;
			sourceTree = "<group>";
		};
		91CFC52F2524D9C600681A8E /* API */ = {
			isa = PBXGroup;
			children = (
				91CFC5772524DB2C00681A8E /* AuthService.swift */,
				91CFC5762524DB2C00681A8E /* TweetService.swift */,
				91CFC5752524DB2C00681A8E /* UserService.swift */,
			);
			path = API;
			sourceTree = "<group>";
		};
		91CFC5312524D9C900681A8E /* ViewModel */ = {
			isa = PBXGroup;
			children = (
				91CFC5442524DA6100681A8E /* ProfileFilterOption.swift */,
				91CFC5452524DA6100681A8E /* TweetViewModel.swift */,
				918628092545CA77008B686D /* ProfileHeaderViewModel.swift */,
			);
			path = ViewModel;
			sourceTree = "<group>";
		};
		91CFC5322524D9CA00681A8E /* View */ = {
			isa = PBXGroup;
			children = (
				91CFC5392524DA3300681A8E /* CustomView */,
				91CFC5382524DA2E00681A8E /* CustomCell */,
			);
			path = View;
			sourceTree = "<group>";
		};
		91CFC5332524D9CA00681A8E /* Model */ = {
			isa = PBXGroup;
			children = (
				91CFC5342524DA1100681A8E /* Tweet.swift */,
				91CFC5352524DA1100681A8E /* User.swift */,
			);
			path = Model;
			sourceTree = "<group>";
		};
		91CFC5382524DA2E00681A8E /* CustomCell */ = {
			isa = PBXGroup;
			children = (
				9183D1622544BC480077586F /* Helpers */,
				91CFC5402524DA4500681A8E /* ProfileFilterCell.swift */,
				91CFC53E2524DA4500681A8E /* TweetCell.swift */,
				91CFC53F2524DA4500681A8E /* UserProfileHeader.swift */,
				9183D1632544BCA80077586F /* ProfileUserTweets.swift */,
				91E92817258A5A8E00A0DE7C /* UserSearchCell.swift */,
			);
			path = CustomCell;
			sourceTree = "<group>";
		};
		91CFC5392524DA3300681A8E /* CustomView */ = {
			isa = PBXGroup;
			children = (
				91CFC53B2524DA3E00681A8E /* ProfileFilterView.swift */,
				91CFC53A2524DA3E00681A8E /* TweetTextView.swift */,
			);
			path = CustomView;
			sourceTree = "<group>";
		};
		91CFC55F2524DAFA00681A8E /* Controller */ = {
			isa = PBXGroup;
			children = (
				91CFC5702524DB1100681A8E /* Authentication */,
				91CFC5642524DB0300681A8E /* MainTabBarController.swift */,
				91CFC5622524DB0300681A8E /* FeedVC.swift */,
				91CFC5652524DB0400681A8E /* ExploreVC.swift */,
				91CFC5632524DB0300681A8E /* NotificationVC.swift */,
				91CFC5672524DB0400681A8E /* MessagesVC.swift */,
				91CFC5612524DB0300681A8E /* CreateTweetToBeRemoved.swift */,
				91CFC5662524DB0400681A8E /* CreateTweetVC.swift */,
				91CFC5602524DB0300681A8E /* ProfileController.swift */,
			);
			path = Controller;
			sourceTree = "<group>";
		};
		91CFC5702524DB1100681A8E /* Authentication */ = {
			isa = PBXGroup;
			children = (
				91CFC5722524DB1C00681A8E /* LoginVC.swift */,
				91CFC5712524DB1C00681A8E /* SignupVC.swift */,
			);
			path = Authentication;
			sourceTree = "<group>";
		};
		91CFC57B2524DB2F00681A8E /* Extensions */ = {
			isa = PBXGroup;
			children = (
				91CFC5832524DB5C00681A8E /* ColorExtension.swift */,
				91CFC5812524DB5C00681A8E /* ImageExtension.swift */,
				91CFC5822524DB5C00681A8E /* ViewExtension.swift */,
			);
			path = Extensions;
			sourceTree = "<group>";
		};
		91CFC57C2524DB3F00681A8E /* Protocols */ = {
			isa = PBXGroup;
			children = (
				91CFC5872524DB6200681A8E /* TweetCellDelegate.swift */,
				918628052544F572008B686D /* UserProfileDelegate.swift */,
				918628072544F5AE008B686D /* ProfileFilterViewDelegate.swift */,
			);
			path = Protocols;
			sourceTree = "<group>";
		};
		91E92816258A5A2F00A0DE7C /* Supporting */ = {
			isa = PBXGroup;
			children = (
				91CFC5162524D82300681A8E /* AppDelegate.swift */,
				91CFC5182524D82300681A8E /* SceneDelegate.swift */,
				91CFC51F2524D82600681A8E /* Assets.xcassets */,
			);
			path = Supporting;
			sourceTree = "<group>";
		};
		C20ED30349637FA7970B5E6B /* Pods */ = {
			isa = PBXGroup;
			children = (
				6DEDB04BE63839C36E5EE663 /* Pods-TwitterApp.debug.xcconfig */,
				E4E15D965EE77677892A8FA3 /* Pods-TwitterApp.release.xcconfig */,
			);
			path = Pods;
			sourceTree = "<group>";
		};
		CDE31CB08E8B259B5624DF4C /* Frameworks */ = {
			isa = PBXGroup;
			children = (
				623F1A829B7E130FC5778995 /* Pods_TwitterApp.framework */,
			);
			name = Frameworks;
			sourceTree = "<group>";
		};
/* End PBXGroup section */

/* Begin PBXNativeTarget section */
		91CFC5122524D82300681A8E /* TwitterApp */ = {
			isa = PBXNativeTarget;
			buildConfigurationList = 91CFC5272524D82600681A8E /* Build configuration list for PBXNativeTarget "TwitterApp" */;
			buildPhases = (
				3F1E786A923BDE78AA116558 /* [CP] Check Pods Manifest.lock */,
				91CFC50F2524D82300681A8E /* Sources */,
				91CFC5102524D82300681A8E /* Frameworks */,
				91CFC5112524D82300681A8E /* Resources */,
				5B1FA0720C2DA212003D547D /* [CP] Embed Pods Frameworks */,
			);
			buildRules = (
			);
			dependencies = (
			);
			name = TwitterApp;
			productName = TwitterApp;
			productReference = 91CFC5132524D82300681A8E /* TwitterApp.app */;
			productType = "com.apple.product-type.application";
		};
/* End PBXNativeTarget section */

/* Begin PBXProject section */
		91CFC50B2524D82300681A8E /* Project object */ = {
			isa = PBXProject;
			attributes = {
				LastSwiftUpdateCheck = 1170;
				LastUpgradeCheck = 1170;
				ORGANIZATIONNAME = "Mohammed mohsen";
				TargetAttributes = {
					91CFC5122524D82300681A8E = {
						CreatedOnToolsVersion = 11.7;
					};
				};
			};
			buildConfigurationList = 91CFC50E2524D82300681A8E /* Build configuration list for PBXProject "TwitterApp" */;
			compatibilityVersion = "Xcode 9.3";
			developmentRegion = en;
			hasScannedForEncodings = 0;
			knownRegions = (
				en,
				Base,
			);
			mainGroup = 91CFC50A2524D82300681A8E;
			productRefGroup = 91CFC5142524D82300681A8E /* Products */;
			projectDirPath = "";
			projectRoot = "";
			targets = (
				91CFC5122524D82300681A8E /* TwitterApp */,
			);
		};
/* End PBXProject section */

/* Begin PBXResourcesBuildPhase section */
		91CFC5112524D82300681A8E /* Resources */ = {
			isa = PBXResourcesBuildPhase;
			buildActionMask = 2147483647;
			files = (
				91CFC5232524D82600681A8E /* LaunchScreen.storyboard in Resources */,
				91CFC5202524D82600681A8E /* Assets.xcassets in Resources */,
				91CFC52D2524D8D800681A8E /* GoogleService-Info.plist in Resources */,
			);
			runOnlyForDeploymentPostprocessing = 0;
		};
/* End PBXResourcesBuildPhase section */

/* Begin PBXShellScriptBuildPhase section */
		3F1E786A923BDE78AA116558 /* [CP] Check Pods Manifest.lock */ = {
			isa = PBXShellScriptBuildPhase;
			buildActionMask = 2147483647;
			files = (
			);
			inputFileListPaths = (
			);
			inputPaths = (
				"${PODS_PODFILE_DIR_PATH}/Podfile.lock",
				"${PODS_ROOT}/Manifest.lock",
			);
			name = "[CP] Check Pods Manifest.lock";
			outputFileListPaths = (
			);
			outputPaths = (
				"$(DERIVED_FILE_DIR)/Pods-TwitterApp-checkManifestLockResult.txt",
			);
			runOnlyForDeploymentPostprocessing = 0;
			shellPath = /bin/sh;
			shellScript = "diff \"${PODS_PODFILE_DIR_PATH}/Podfile.lock\" \"${PODS_ROOT}/Manifest.lock\" > /dev/null\nif [ $? != 0 ] ; then\n    # print error to STDERR\n    echo \"error: The sandbox is not in sync with the Podfile.lock. Run 'pod install' or update your CocoaPods installation.\" >&2\n    exit 1\nfi\n# This output is used by Xcode 'outputs' to avoid re-running this script phase.\necho \"SUCCESS\" > \"${SCRIPT_OUTPUT_FILE_0}\"\n";
			showEnvVarsInLog = 0;
		};
		5B1FA0720C2DA212003D547D /* [CP] Embed Pods Frameworks */ = {
			isa = PBXShellScriptBuildPhase;
			buildActionMask = 2147483647;
			files = (
			);
			inputFileListPaths = (
				"${PODS_ROOT}/Target Support Files/Pods-TwitterApp/Pods-TwitterApp-frameworks-${CONFIGURATION}-input-files.xcfilelist",
			);
			name = "[CP] Embed Pods Frameworks";
			outputFileListPaths = (
				"${PODS_ROOT}/Target Support Files/Pods-TwitterApp/Pods-TwitterApp-frameworks-${CONFIGURATION}-output-files.xcfilelist",
			);
			runOnlyForDeploymentPostprocessing = 0;
			shellPath = /bin/sh;
			shellScript = "\"${PODS_ROOT}/Target Support Files/Pods-TwitterApp/Pods-TwitterApp-frameworks.sh\"\n";
			showEnvVarsInLog = 0;
		};
/* End PBXShellScriptBuildPhase section */

/* Begin PBXSourcesBuildPhase section */
		91CFC50F2524D82300681A8E /* Sources */ = {
			isa = PBXSourcesBuildPhase;
			buildActionMask = 2147483647;
			files = (
				91CFC5372524DA1100681A8E /* User.swift in Sources */,
				918628082544F5AE008B686D /* ProfileFilterViewDelegate.swift in Sources */,
				91CFC56B2524DB0400681A8E /* NotificationVC.swift in Sources */,
				91CFC5742524DB1C00681A8E /* LoginVC.swift in Sources */,
				91E92818258A5A8E00A0DE7C /* UserSearchCell.swift in Sources */,
				91CFC5692524DB0400681A8E /* CreateTweetToBeRemoved.swift in Sources */,
				9183D1612544BC160077586F /* BaseCell.swift in Sources */,
				91CFC5882524DB6200681A8E /* TweetCellDelegate.swift in Sources */,
				91CFC5802524DB5300681A8E /* Utilities.swift in Sources */,
				91CFC5472524DA6100681A8E /* TweetViewModel.swift in Sources */,
				91CFC5792524DB2C00681A8E /* TweetService.swift in Sources */,
				91CFC5412524DA4500681A8E /* TweetCell.swift in Sources */,
				91CFC5782524DB2C00681A8E /* UserService.swift in Sources */,
				91CFC56F2524DB0400681A8E /* MessagesVC.swift in Sources */,
				91CFC5852524DB5C00681A8E /* ViewExtension.swift in Sources */,
				91CFC5862524DB5C00681A8E /* ColorExtension.swift in Sources */,
				91CFC53C2524DA3E00681A8E /* TweetTextView.swift in Sources */,
				91CFC5422524DA4500681A8E /* UserProfileHeader.swift in Sources */,
				91CFC5462524DA6100681A8E /* ProfileFilterOption.swift in Sources */,
				9186280A2545CA77008B686D /* ProfileHeaderViewModel.swift in Sources */,
				918628062544F572008B686D /* UserProfileDelegate.swift in Sources */,
				91CFC53D2524DA3E00681A8E /* ProfileFilterView.swift in Sources */,
				91CFC56A2524DB0400681A8E /* FeedVC.swift in Sources */,
				91CFC56E2524DB0400681A8E /* CreateTweetVC.swift in Sources */,
				91CFC5842524DB5C00681A8E /* ImageExtension.swift in Sources */,
				9183D1642544BCA80077586F /* ProfileUserTweets.swift in Sources */,
				91CFC57A2524DB2C00681A8E /* AuthService.swift in Sources */,
				91CFC57E2524DB4C00681A8E /* DatabaseReferences.swift in Sources */,
				91CFC56C2524DB0400681A8E /* MainTabBarController.swift in Sources */,
				91CFC5432524DA4500681A8E /* ProfileFilterCell.swift in Sources */,
				91CFC5362524DA1100681A8E /* Tweet.swift in Sources */,
				91CFC5172524D82300681A8E /* AppDelegate.swift in Sources */,
				91CFC5732524DB1C00681A8E /* SignupVC.swift in Sources */,
				91CFC56D2524DB0400681A8E /* ExploreVC.swift in Sources */,
				91CFC5192524D82300681A8E /* SceneDelegate.swift in Sources */,
				91CFC5682524DB0400681A8E /* ProfileController.swift in Sources */,
			);
			runOnlyForDeploymentPostprocessing = 0;
		};
/* End PBXSourcesBuildPhase section */

/* Begin PBXVariantGroup section */
		91CFC5212524D82600681A8E /* LaunchScreen.storyboard */ = {
			isa = PBXVariantGroup;
			children = (
				91CFC5222524D82600681A8E /* Base */,
			);
			name = LaunchScreen.storyboard;
			sourceTree = "<group>";
		};
/* End PBXVariantGroup section */

/* Begin XCBuildConfiguration section */
		91CFC5252524D82600681A8E /* Debug */ = {
			isa = XCBuildConfiguration;
			buildSettings = {
				ALWAYS_SEARCH_USER_PATHS = NO;
				CLANG_ANALYZER_NONNULL = YES;
				CLANG_ANALYZER_NUMBER_OBJECT_CONVERSION = YES_AGGRESSIVE;
				CLANG_CXX_LANGUAGE_STANDARD = "gnu++14";
				CLANG_CXX_LIBRARY = "libc++";
				CLANG_ENABLE_MODULES = YES;
				CLANG_ENABLE_OBJC_ARC = YES;
				CLANG_ENABLE_OBJC_WEAK = YES;
				CLANG_WARN_BLOCK_CAPTURE_AUTORELEASING = YES;
				CLANG_WARN_BOOL_CONVERSION = YES;
				CLANG_WARN_COMMA = YES;
				CLANG_WARN_CONSTANT_CONVERSION = YES;
				CLANG_WARN_DEPRECATED_OBJC_IMPLEMENTATIONS = YES;
				CLANG_WARN_DIRECT_OBJC_ISA_USAGE = YES_ERROR;
				CLANG_WARN_DOCUMENTATION_COMMENTS = YES;
				CLANG_WARN_EMPTY_BODY = YES;
				CLANG_WARN_ENUM_CONVERSION = YES;
				CLANG_WARN_INFINITE_RECURSION = YES;
				CLANG_WARN_INT_CONVERSION = YES;
				CLANG_WARN_NON_LITERAL_NULL_CONVERSION = YES;
				CLANG_WARN_OBJC_IMPLICIT_RETAIN_SELF = YES;
				CLANG_WARN_OBJC_LITERAL_CONVERSION = YES;
				CLANG_WARN_OBJC_ROOT_CLASS = YES_ERROR;
				CLANG_WARN_RANGE_LOOP_ANALYSIS = YES;
				CLANG_WARN_STRICT_PROTOTYPES = YES;
				CLANG_WARN_SUSPICIOUS_MOVE = YES;
				CLANG_WARN_UNGUARDED_AVAILABILITY = YES_AGGRESSIVE;
				CLANG_WARN_UNREACHABLE_CODE = YES;
				CLANG_WARN__DUPLICATE_METHOD_MATCH = YES;
				COPY_PHASE_STRIP = NO;
				DEBUG_INFORMATION_FORMAT = dwarf;
				ENABLE_STRICT_OBJC_MSGSEND = YES;
				ENABLE_TESTABILITY = YES;
				GCC_C_LANGUAGE_STANDARD = gnu11;
				GCC_DYNAMIC_NO_PIC = NO;
				GCC_NO_COMMON_BLOCKS = YES;
				GCC_OPTIMIZATION_LEVEL = 0;
				GCC_PREPROCESSOR_DEFINITIONS = (
					"DEBUG=1",
					"$(inherited)",
				);
				GCC_WARN_64_TO_32_BIT_CONVERSION = YES;
				GCC_WARN_ABOUT_RETURN_TYPE = YES_ERROR;
				GCC_WARN_UNDECLARED_SELECTOR = YES;
				GCC_WARN_UNINITIALIZED_AUTOS = YES_AGGRESSIVE;
				GCC_WARN_UNUSED_FUNCTION = YES;
				GCC_WARN_UNUSED_VARIABLE = YES;
				IPHONEOS_DEPLOYMENT_TARGET = 13.7;
				MTL_ENABLE_DEBUG_INFO = INCLUDE_SOURCE;
				MTL_FAST_MATH = YES;
				ONLY_ACTIVE_ARCH = YES;
				SDKROOT = iphoneos;
				SWIFT_ACTIVE_COMPILATION_CONDITIONS = DEBUG;
				SWIFT_OPTIMIZATION_LEVEL = "-Onone";
			};
			name = Debug;
		};
		91CFC5262524D82600681A8E /* Release */ = {
			isa = XCBuildConfiguration;
			buildSettings = {
				ALWAYS_SEARCH_USER_PATHS = NO;
				CLANG_ANALYZER_NONNULL = YES;
				CLANG_ANALYZER_NUMBER_OBJECT_CONVERSION = YES_AGGRESSIVE;
				CLANG_CXX_LANGUAGE_STANDARD = "gnu++14";
				CLANG_CXX_LIBRARY = "libc++";
				CLANG_ENABLE_MODULES = YES;
				CLANG_ENABLE_OBJC_ARC = YES;
				CLANG_ENABLE_OBJC_WEAK = YES;
				CLANG_WARN_BLOCK_CAPTURE_AUTORELEASING = YES;
				CLANG_WARN_BOOL_CONVERSION = YES;
				CLANG_WARN_COMMA = YES;
				CLANG_WARN_CONSTANT_CONVERSION = YES;
				CLANG_WARN_DEPRECATED_OBJC_IMPLEMENTATIONS = YES;
				CLANG_WARN_DIRECT_OBJC_ISA_USAGE = YES_ERROR;
				CLANG_WARN_DOCUMENTATION_COMMENTS = YES;
				CLANG_WARN_EMPTY_BODY = YES;
				CLANG_WARN_ENUM_CONVERSION = YES;
				CLANG_WARN_INFINITE_RECURSION = YES;
				CLANG_WARN_INT_CONVERSION = YES;
				CLANG_WARN_NON_LITERAL_NULL_CONVERSION = YES;
				CLANG_WARN_OBJC_IMPLICIT_RETAIN_SELF = YES;
				CLANG_WARN_OBJC_LITERAL_CONVERSION = YES;
				CLANG_WARN_OBJC_ROOT_CLASS = YES_ERROR;
				CLANG_WARN_RANGE_LOOP_ANALYSIS = YES;
				CLANG_WARN_STRICT_PROTOTYPES = YES;
				CLANG_WARN_SUSPICIOUS_MOVE = YES;
				CLANG_WARN_UNGUARDED_AVAILABILITY = YES_AGGRESSIVE;
				CLANG_WARN_UNREACHABLE_CODE = YES;
				CLANG_WARN__DUPLICATE_METHOD_MATCH = YES;
				COPY_PHASE_STRIP = NO;
				DEBUG_INFORMATION_FORMAT = "dwarf-with-dsym";
				ENABLE_NS_ASSERTIONS = NO;
				ENABLE_STRICT_OBJC_MSGSEND = YES;
				GCC_C_LANGUAGE_STANDARD = gnu11;
				GCC_NO_COMMON_BLOCKS = YES;
				GCC_WARN_64_TO_32_BIT_CONVERSION = YES;
				GCC_WARN_ABOUT_RETURN_TYPE = YES_ERROR;
				GCC_WARN_UNDECLARED_SELECTOR = YES;
				GCC_WARN_UNINITIALIZED_AUTOS = YES_AGGRESSIVE;
				GCC_WARN_UNUSED_FUNCTION = YES;
				GCC_WARN_UNUSED_VARIABLE = YES;
				IPHONEOS_DEPLOYMENT_TARGET = 13.7;
				MTL_ENABLE_DEBUG_INFO = NO;
				MTL_FAST_MATH = YES;
				SDKROOT = iphoneos;
				SWIFT_COMPILATION_MODE = wholemodule;
				SWIFT_OPTIMIZATION_LEVEL = "-O";
				VALIDATE_PRODUCT = YES;
			};
			name = Release;
		};
		91CFC5282524D82600681A8E /* Debug */ = {
			isa = XCBuildConfiguration;
			baseConfigurationReference = 6DEDB04BE63839C36E5EE663 /* Pods-TwitterApp.debug.xcconfig */;
			buildSettings = {
				ASSETCATALOG_COMPILER_APPICON_NAME = AppIcon;
				CODE_SIGN_STYLE = Automatic;
				DEVELOPMENT_TEAM = YXST3QCYM9;
				INFOPLIST_FILE = TwitterApp/Info.plist;
				LD_RUNPATH_SEARCH_PATHS = (
					"$(inherited)",
					"@executable_path/Frameworks",
				);
				PRODUCT_BUNDLE_IDENTIFIER = apple.com.Twitter;
				PRODUCT_NAME = "$(TARGET_NAME)";
				SWIFT_VERSION = 5.0;
				TARGETED_DEVICE_FAMILY = "1,2";
			};
			name = Debug;
		};
		91CFC5292524D82600681A8E /* Release */ = {
			isa = XCBuildConfiguration;
			baseConfigurationReference = E4E15D965EE77677892A8FA3 /* Pods-TwitterApp.release.xcconfig */;
			buildSettings = {
				ASSETCATALOG_COMPILER_APPICON_NAME = AppIcon;
				CODE_SIGN_STYLE = Automatic;
				DEVELOPMENT_TEAM = YXST3QCYM9;
				INFOPLIST_FILE = TwitterApp/Info.plist;
				LD_RUNPATH_SEARCH_PATHS = (
					"$(inherited)",
					"@executable_path/Frameworks",
				);
				PRODUCT_BUNDLE_IDENTIFIER = apple.com.Twitter;
				PRODUCT_NAME = "$(TARGET_NAME)";
				SWIFT_VERSION = 5.0;
				TARGETED_DEVICE_FAMILY = "1,2";
			};
			name = Release;
		};
/* End XCBuildConfiguration section */

/* Begin XCConfigurationList section */
		91CFC50E2524D82300681A8E /* Build configuration list for PBXProject "TwitterApp" */ = {
			isa = XCConfigurationList;
			buildConfigurations = (
				91CFC5252524D82600681A8E /* Debug */,
				91CFC5262524D82600681A8E /* Release */,
			);
			defaultConfigurationIsVisible = 0;
			defaultConfigurationName = Release;
		};
		91CFC5272524D82600681A8E /* Build configuration list for PBXNativeTarget "TwitterApp" */ = {
			isa = XCConfigurationList;
			buildConfigurations = (
				91CFC5282524D82600681A8E /* Debug */,
				91CFC5292524D82600681A8E /* Release */,
			);
			defaultConfigurationIsVisible = 0;
			defaultConfigurationName = Release;
		};
/* End XCConfigurationList section */
	};
	rootObject = 91CFC50B2524D82300681A8E /* Project object */;
}
